
Microsoft Visual Studio Solution File, Format Version 12.00
# Visual Studio 2013
VisualStudioVersion = 12.0.21005.1
MinimumVisualStudioVersion = 10.0.40219.1
Project("{FAE04EC0-301F-11D3-BF4B-00C04F79EFBC}") = "DemoGame", "DemoGame\DemoGame.csproj", "{754898A3-D6B3-ED44-ACFD-A12CE9CA6CCE}"
EndProject
Project("{FAE04EC0-301F-11D3-BF4B-00C04F79EFBC}") = "Assembly-CSharp-vs", "..\Assembly-CSharp-vs.csproj", "{3AE34CF6-602F-DEB2-6D8E-3F81C9717B56}"
EndProject
Project("{FAE04EC0-301F-11D3-BF4B-00C04F79EFBC}") = "WindowsPlugin", "..\..\UnityPlugins\WindowsPlugin\WindowsPlugin.csproj", "{45331135-AEDF-4E90-90B6-D79415029391}"
EndProject
Project("{FAE04EC0-301F-11D3-BF4B-00C04F79EFBC}") = "WP8Plugin", "..\..\UnityPlugins\WP8Plugin\WP8Plugin.csproj", "{9AFC75BD-E2AD-45A7-91B7-77877BF40046}"
EndProject
Global
	GlobalSection(SolutionConfigurationPlatforms) = preSolution
		Debug|Any CPU = Debug|Any CPU
		Debug|ARM = Debug|ARM
		Debug|Mixed Platforms = Debug|Mixed Platforms
		Debug|x86 = Debug|x86
		Master|Any CPU = Master|Any CPU
		Master|ARM = Master|ARM
		Master|Mixed Platforms = Master|Mixed Platforms
		Master|x86 = Master|x86
		Release|Any CPU = Release|Any CPU
		Release|ARM = Release|ARM
		Release|Mixed Platforms = Release|Mixed Platforms
		Release|x86 = Release|x86
	EndGlobalSection
	GlobalSection(ProjectConfigurationPlatforms) = postSolution
		{754898A3-D6B3-ED44-ACFD-A12CE9CA6CCE}.Debug|Any CPU.ActiveCfg = Debug|x86
		{754898A3-D6B3-ED44-ACFD-A12CE9CA6CCE}.Debug|ARM.ActiveCfg = Debug|ARM
		{754898A3-D6B3-ED44-ACFD-A12CE9CA6CCE}.Debug|ARM.Build.0 = Debug|ARM
		{754898A3-D6B3-ED44-ACFD-A12CE9CA6CCE}.Debug|ARM.Deploy.0 = Debug|ARM
		{754898A3-D6B3-ED44-ACFD-A12CE9CA6CCE}.Debug|Mixed Platforms.ActiveCfg = Debug|x86
		{754898A3-D6B3-ED44-ACFD-A12CE9CA6CCE}.Debug|Mixed Platforms.Build.0 = Debug|x86
		{754898A3-D6B3-ED44-ACFD-A12CE9CA6CCE}.Debug|Mixed Platforms.Deploy.0 = Debug|x86
		{754898A3-D6B3-ED44-ACFD-A12CE9CA6CCE}.Debug|x86.ActiveCfg = Debug|x86
		{754898A3-D6B3-ED44-ACFD-A12CE9CA6CCE}.Debug|x86.Build.0 = Debug|x86
		{754898A3-D6B3-ED44-ACFD-A12CE9CA6CCE}.Debug|x86.Deploy.0 = Debug|x86
		{754898A3-D6B3-ED44-ACFD-A12CE9CA6CCE}.Master|Any CPU.ActiveCfg = Master|x86
		{754898A3-D6B3-ED44-ACFD-A12CE9CA6CCE}.Master|ARM.ActiveCfg = Master|ARM
		{754898A3-D6B3-ED44-ACFD-A12CE9CA6CCE}.Master|ARM.Build.0 = Master|ARM
		{754898A3-D6B3-ED44-ACFD-A12CE9CA6CCE}.Master|ARM.Deploy.0 = Master|ARM
		{754898A3-D6B3-ED44-ACFD-A12CE9CA6CCE}.Master|Mixed Platforms.ActiveCfg = Master|x86
		{754898A3-D6B3-ED44-ACFD-A12CE9CA6CCE}.Master|Mixed Platforms.Build.0 = Master|x86
		{754898A3-D6B3-ED44-ACFD-A12CE9CA6CCE}.Master|Mixed Platforms.Deploy.0 = Master|x86
		{754898A3-D6B3-ED44-ACFD-A12CE9CA6CCE}.Master|x86.ActiveCfg = Master|x86
		{754898A3-D6B3-ED44-ACFD-A12CE9CA6CCE}.Master|x86.Build.0 = Master|x86
		{754898A3-D6B3-ED44-ACFD-A12CE9CA6CCE}.Master|x86.Deploy.0 = Master|x86
		{754898A3-D6B3-ED44-ACFD-A12CE9CA6CCE}.Release|Any CPU.ActiveCfg = Release|x86
		{754898A3-D6B3-ED44-ACFD-A12CE9CA6CCE}.Release|ARM.ActiveCfg = Release|ARM
		{754898A3-D6B3-ED44-ACFD-A12CE9CA6CCE}.Release|ARM.Build.0 = Release|ARM
		{754898A3-D6B3-ED44-ACFD-A12CE9CA6CCE}.Release|ARM.Deploy.0 = Release|ARM
		{754898A3-D6B3-ED44-ACFD-A12CE9CA6CCE}.Release|Mixed Platforms.ActiveCfg = Release|x86
		{754898A3-D6B3-ED44-ACFD-A12CE9CA6CCE}.Release|Mixed Platforms.Build.0 = Release|x86
		{754898A3-D6B3-ED44-ACFD-A12CE9CA6CCE}.Release|Mixed Platforms.Deploy.0 = Release|x86
		{754898A3-D6B3-ED44-ACFD-A12CE9CA6CCE}.Release|x86.ActiveCfg = Release|x86
		{754898A3-D6B3-ED44-ACFD-A12CE9CA6CCE}.Release|x86.Build.0 = Release|x86
		{754898A3-D6B3-ED44-ACFD-A12CE9CA6CCE}.Release|x86.Deploy.0 = Release|x86
		{3AE34CF6-602F-DEB2-6D8E-3F81C9717B56}.Debug|Any CPU.ActiveCfg = Debug|Any CPU
		{3AE34CF6-602F-DEB2-6D8E-3F81C9717B56}.Debug|Any CPU.Build.0 = Debug|Any CPU
		{3AE34CF6-602F-DEB2-6D8E-3F81C9717B56}.Debug|ARM.ActiveCfg = Debug|Any CPU
		{3AE34CF6-602F-DEB2-6D8E-3F81C9717B56}.Debug|Mixed Platforms.ActiveCfg = Debug|Any CPU
		{3AE34CF6-602F-DEB2-6D8E-3F81C9717B56}.Debug|Mixed Platforms.Build.0 = Debug|Any CPU
		{3AE34CF6-602F-DEB2-6D8E-3F81C9717B56}.Debug|x86.ActiveCfg = Debug|Any CPU
		{3AE34CF6-602F-DEB2-6D8E-3F81C9717B56}.Master|Any CPU.ActiveCfg = Release|Any CPU
		{3AE34CF6-602F-DEB2-6D8E-3F81C9717B56}.Master|Any CPU.Build.0 = Release|Any CPU
		{3AE34CF6-602F-DEB2-6D8E-3F81C9717B56}.Master|ARM.ActiveCfg = Release|Any CPU
		{3AE34CF6-602F-DEB2-6D8E-3F81C9717B56}.Master|Mixed Platforms.ActiveCfg = Release|Any CPU
		{3AE34CF6-602F-DEB2-6D8E-3F81C9717B56}.Master|Mixed Platforms.Build.0 = Release|Any CPU
		{3AE34CF6-602F-DEB2-6D8E-3F81C9717B56}.Master|x86.ActiveCfg = Release|Any CPU
		{3AE34CF6-602F-DEB2-6D8E-3F81C9717B56}.Release|Any CPU.ActiveCfg = Release|Any CPU
		{3AE34CF6-602F-DEB2-6D8E-3F81C9717B56}.Release|Any CPU.Build.0 = Release|Any CPU
		{3AE34CF6-602F-DEB2-6D8E-3F81C9717B56}.Release|ARM.ActiveCfg = Release|Any CPU
		{3AE34CF6-602F-DEB2-6D8E-3F81C9717B56}.Release|Mixed Platforms.ActiveCfg = Release|Any CPU
		{3AE34CF6-602F-DEB2-6D8E-3F81C9717B56}.Release|Mixed Platforms.Build.0 = Release|Any CPU
		{3AE34CF6-602F-DEB2-6D8E-3F81C9717B56}.Release|x86.ActiveCfg = Release|Any CPU
		{45331135-AEDF-4E90-90B6-D79415029391}.Debug|Any CPU.ActiveCfg = Debug|Any CPU
		{45331135-AEDF-4E90-90B6-D79415029391}.Debug|Any CPU.Build.0 = Debug|Any CPU
		{45331135-AEDF-4E90-90B6-D79415029391}.Debug|ARM.ActiveCfg = Debug|Any CPU
		{45331135-AEDF-4E90-90B6-D79415029391}.Debug|Mixed Platforms.ActiveCfg = Debug|Any CPU
		{45331135-AEDF-4E90-90B6-D79415029391}.Debug|Mixed Platforms.Build.0 = Debug|Any CPU
		{45331135-AEDF-4E90-90B6-D79415029391}.Debug|x86.ActiveCfg = Debug|Any CPU
		{45331135-AEDF-4E90-90B6-D79415029391}.Master|Any CPU.ActiveCfg = Release|Any CPU
		{45331135-AEDF-4E90-90B6-D79415029391}.Master|Any CPU.Build.0 = Release|Any CPU
		{45331135-AEDF-4E90-90B6-D79415029391}.Master|ARM.ActiveCfg = Release|Any CPU
		{45331135-AEDF-4E90-90B6-D79415029391}.Master|Mixed Platforms.ActiveCfg = Release|Any CPU
		{45331135-AEDF-4E90-90B6-D79415029391}.Master|Mixed Platforms.Build.0 = Release|Any CPU
		{45331135-AEDF-4E90-90B6-D79415029391}.Master|x86.ActiveCfg = Release|Any CPU
		{45331135-AEDF-4E90-90B6-D79415029391}.Release|Any CPU.ActiveCfg = Release|Any CPU
		{45331135-AEDF-4E90-90B6-D79415029391}.Release|Any CPU.Build.0 = Release|Any CPU
		{45331135-AEDF-4E90-90B6-D79415029391}.Release|ARM.ActiveCfg = Release|Any CPU
		{45331135-AEDF-4E90-90B6-D79415029391}.Release|Mixed Platforms.ActiveCfg = Release|Any CPU
		{45331135-AEDF-4E90-90B6-D79415029391}.Release|Mixed Platforms.Build.0 = Release|Any CPU
		{45331135-AEDF-4E90-90B6-D79415029391}.Release|x86.ActiveCfg = Release|Any CPU
		{9AFC75BD-E2AD-45A7-91B7-77877BF40046}.Debug|Any CPU.ActiveCfg = Debug|Any CPU
		{9AFC75BD-E2AD-45A7-91B7-77877BF40046}.Debug|Any CPU.Build.0 = Debug|Any CPU
		{9AFC75BD-E2AD-45A7-91B7-77877BF40046}.Debug|ARM.ActiveCfg = Debug|ARM
		{9AFC75BD-E2AD-45A7-91B7-77877BF40046}.Debug|ARM.Build.0 = Debug|ARM
		{9AFC75BD-E2AD-45A7-91B7-77877BF40046}.Debug|Mixed Platforms.ActiveCfg = Debug|x86
		{9AFC75BD-E2AD-45A7-91B7-77877BF40046}.Debug|Mixed Platforms.Build.0 = Debug|x86
		{9AFC75BD-E2AD-45A7-91B7-77877BF40046}.Debug|x86.ActiveCfg = Debug|x86
		{9AFC75BD-E2AD-45A7-91B7-77877BF40046}.Debug|x86.Build.0 = Debug|x86
		{9AFC75BD-E2AD-45A7-91B7-77877BF40046}.Master|Any CPU.ActiveCfg = Release|Any CPU
		{9AFC75BD-E2AD-45A7-91B7-77877BF40046}.Master|Any CPU.Build.0 = Release|Any CPU
		{9AFC75BD-E2AD-45A7-91B7-77877BF40046}.Master|ARM.ActiveCfg = Release|ARM
		{9AFC75BD-E2AD-45A7-91B7-77877BF40046}.Master|ARM.Build.0 = Release|ARM
		{9AFC75BD-E2AD-45A7-91B7-77877BF40046}.Master|Mixed Platforms.ActiveCfg = Release|x86
		{9AFC75BD-E2AD-45A7-91B7-77877BF40046}.Master|Mixed Platforms.Build.0 = Release|x86
		{9AFC75BD-E2AD-45A7-91B7-77877BF40046}.Master|x86.ActiveCfg = Release|x86
		{9AFC75BD-E2AD-45A7-91B7-77877BF40046}.Master|x86.Build.0 = Release|x86
		{9AFC75BD-E2AD-45A7-91B7-77877BF40046}.Release|Any CPU.ActiveCfg = Release|Any CPU
		{9AFC75BD-E2AD-45A7-91B7-77877BF40046}.Release|Any CPU.Build.0 = Release|Any CPU
		{9AFC75BD-E2AD-45A7-91B7-77877BF40046}.Release|ARM.ActiveCfg = Release|ARM
		{9AFC75BD-E2AD-45A7-91B7-77877BF40046}.Release|ARM.Build.0 = Release|ARM
		{9AFC75BD-E2AD-45A7-91B7-77877BF40046}.Release|Mixed Platforms.ActiveCfg = Release|x86
		{9AFC75BD-E2AD-45A7-91B7-77877BF40046}.Release|Mixed Platforms.Build.0 = Release|x86
		{9AFC75BD-E2AD-45A7-91B7-77877BF40046}.Release|x86.ActiveCfg = Release|x86
		{9AFC75BD-E2AD-45A7-91B7-77877BF40046}.Release|x86.Build.0 = Release|x86
	EndGlobalSection
	GlobalSection(SolutionProperties) = preSolution
		HideSolutionNode = FALSE
	EndGlobalSection
EndGlobal
